
Microsoft Visual Studio Solution File, Format Version 12.00
# Visual Studio 15
VisualStudioVersion = 15.0.28307.1209
MinimumVisualStudioVersion = 10.0.40219.1
Project("{FAE04EC0-301F-11D3-BF4B-00C04F79EFBC}") = "EnVoca_stanicek.Android", "EnVoca_stanicek\EnVoca_stanicek.Android\EnVoca_stanicek.Android.csproj", "{9BE62FAD-65A9-4E50-8836-2F262FA0216F}"
EndProject
Project("{FAE04EC0-301F-11D3-BF4B-00C04F79EFBC}") = "EnVoca_stanicek.iOS", "EnVoca_stanicek\EnVoca_stanicek.iOS\EnVoca_stanicek.iOS.csproj", "{B5912787-77F2-4CF1-9642-78E377768F99}"
EndProject
Project("{FAE04EC0-301F-11D3-BF4B-00C04F79EFBC}") = "EnVoca_stanicek.UWP", "EnVoca_stanicek\EnVoca_stanicek.UWP\EnVoca_stanicek.UWP.csproj", "{B2B3A9E3-2AE0-4A2F-9D7C-987F30654479}"
EndProject
Project("{FAE04EC0-301F-11D3-BF4B-00C04F79EFBC}") = "EnVoca_stanicek", "EnVoca_stanicek\EnVoca_stanicek\EnVoca_stanicek.csproj", "{457DF491-D9D3-41DE-B8E4-A9B24311F333}"
EndProject
Global
	GlobalSection(SolutionConfigurationPlatforms) = preSolution
		Ad-Hoc|Any CPU = Ad-Hoc|Any CPU
		Ad-Hoc|ARM = Ad-Hoc|ARM
		Ad-Hoc|iPhone = Ad-Hoc|iPhone
		Ad-Hoc|iPhoneSimulator = Ad-Hoc|iPhoneSimulator
		Ad-Hoc|x64 = Ad-Hoc|x64
		Ad-Hoc|x86 = Ad-Hoc|x86
		AppStore|Any CPU = AppStore|Any CPU
		AppStore|ARM = AppStore|ARM
		AppStore|iPhone = AppStore|iPhone
		AppStore|iPhoneSimulator = AppStore|iPhoneSimulator
		AppStore|x64 = AppStore|x64
		AppStore|x86 = AppStore|x86
		Debug|Any CPU = Debug|Any CPU
		Debug|ARM = Debug|ARM
		Debug|iPhone = Debug|iPhone
		Debug|iPhoneSimulator = Debug|iPhoneSimulator
		Debug|x64 = Debug|x64
		Debug|x86 = Debug|x86
		Release|Any CPU = Release|Any CPU
		Release|ARM = Release|ARM
		Release|iPhone = Release|iPhone
		Release|iPhoneSimulator = Release|iPhoneSimulator
		Release|x64 = Release|x64
		Release|x86 = Release|x86
	EndGlobalSection
	GlobalSection(ProjectConfigurationPlatforms) = postSolution
		{9BE62FAD-65A9-4E50-8836-2F262FA0216F}.Ad-Hoc|Any CPU.ActiveCfg = Release|Any CPU
		{9BE62FAD-65A9-4E50-8836-2F262FA0216F}.Ad-Hoc|Any CPU.Build.0 = Release|Any CPU
		{9BE62FAD-65A9-4E50-8836-2F262FA0216F}.Ad-Hoc|Any CPU.Deploy.0 = Release|Any CPU
		{9BE62FAD-65A9-4E50-8836-2F262FA0216F}.Ad-Hoc|ARM.ActiveCfg = Release|Any CPU
		{9BE62FAD-65A9-4E50-8836-2F262FA0216F}.Ad-Hoc|ARM.Build.0 = Release|Any CPU
		{9BE62FAD-65A9-4E50-8836-2F262FA0216F}.Ad-Hoc|ARM.Deploy.0 = Release|Any CPU
		{9BE62FAD-65A9-4E50-8836-2F262FA0216F}.Ad-Hoc|iPhone.ActiveCfg = Release|Any CPU
		{9BE62FAD-65A9-4E50-8836-2F262FA0216F}.Ad-Hoc|iPhone.Build.0 = Release|Any CPU
		{9BE62FAD-65A9-4E50-8836-2F262FA0216F}.Ad-Hoc|iPhone.Deploy.0 = Release|Any CPU
		{9BE62FAD-65A9-4E50-8836-2F262FA0216F}.Ad-Hoc|iPhoneSimulator.ActiveCfg = Release|Any CPU
		{9BE62FAD-65A9-4E50-8836-2F262FA0216F}.Ad-Hoc|iPhoneSimulator.Build.0 = Release|Any CPU
		{9BE62FAD-65A9-4E50-8836-2F262FA0216F}.Ad-Hoc|iPhoneSimulator.Deploy.0 = Release|Any CPU
		{9BE62FAD-65A9-4E50-8836-2F262FA0216F}.Ad-Hoc|x64.ActiveCfg = Release|Any CPU
		{9BE62FAD-65A9-4E50-8836-2F262FA0216F}.Ad-Hoc|x64.Build.0 = Release|Any CPU
		{9BE62FAD-65A9-4E50-8836-2F262FA0216F}.Ad-Hoc|x64.Deploy.0 = Release|Any CPU
		{9BE62FAD-65A9-4E50-8836-2F262FA0216F}.Ad-Hoc|x86.ActiveCfg = Release|Any CPU
		{9BE62FAD-65A9-4E50-8836-2F262FA0216F}.Ad-Hoc|x86.Build.0 = Release|Any CPU
		{9BE62FAD-65A9-4E50-8836-2F262FA0216F}.Ad-Hoc|x86.Deploy.0 = Release|Any CPU
		{9BE62FAD-65A9-4E50-8836-2F262FA0216F}.AppStore|Any CPU.ActiveCfg = Release|Any CPU
		{9BE62FAD-65A9-4E50-8836-2F262FA0216F}.AppStore|Any CPU.Build.0 = Release|Any CPU
		{9BE62FAD-65A9-4E50-8836-2F262FA0216F}.AppStore|Any CPU.Deploy.0 = Release|Any CPU
		{9BE62FAD-65A9-4E50-8836-2F262FA0216F}.AppStore|ARM.ActiveCfg = Release|Any CPU
		{9BE62FAD-65A9-4E50-8836-2F262FA0216F}.AppStore|ARM.Build.0 = Release|Any CPU
		{9BE62FAD-65A9-4E50-8836-2F262FA0216F}.AppStore|ARM.Deploy.0 = Release|Any CPU
		{9BE62FAD-65A9-4E50-8836-2F262FA0216F}.AppStore|iPhone.ActiveCfg = Release|Any CPU
		{9BE62FAD-65A9-4E50-8836-2F262FA0216F}.AppStore|iPhone.Build.0 = Release|Any CPU
		{9BE62FAD-65A9-4E50-8836-2F262FA0216F}.AppStore|iPhone.Deploy.0 = Release|Any CPU
		{9BE62FAD-65A9-4E50-8836-2F262FA0216F}.AppStore|iPhoneSimulator.ActiveCfg = Release|Any CPU
		{9BE62FAD-65A9-4E50-8836-2F262FA0216F}.AppStore|iPhoneSimulator.Build.0 = Release|Any CPU
		{9BE62FAD-65A9-4E50-8836-2F262FA0216F}.AppStore|iPhoneSimulator.Deploy.0 = Release|Any CPU
		{9BE62FAD-65A9-4E50-8836-2F262FA0216F}.AppStore|x64.ActiveCfg = Release|Any CPU
		{9BE62FAD-65A9-4E50-8836-2F262FA0216F}.AppStore|x64.Build.0 = Release|Any CPU
		{9BE62FAD-65A9-4E50-8836-2F262FA0216F}.AppStore|x64.Deploy.0 = Release|Any CPU
		{9BE62FAD-65A9-4E50-8836-2F262FA0216F}.AppStore|x86.ActiveCfg = Release|Any CPU
		{9BE62FAD-65A9-4E50-8836-2F262FA0216F}.AppStore|x86.Build.0 = Release|Any CPU
		{9BE62FAD-65A9-4E50-8836-2F262FA0216F}.AppStore|x86.Deploy.0 = Release|Any CPU
		{9BE62FAD-65A9-4E50-8836-2F262FA0216F}.Debug|Any CPU.ActiveCfg = Debug|Any CPU
		{9BE62FAD-65A9-4E50-8836-2F262FA0216F}.Debug|Any CPU.Build.0 = Debug|Any CPU
		{9BE62FAD-65A9-4E50-8836-2F262FA0216F}.Debug|Any CPU.Deploy.0 = Debug|Any CPU
		{9BE62FAD-65A9-4E50-8836-2F262FA0216F}.Debug|ARM.ActiveCfg = Debug|Any CPU
		{9BE62FAD-65A9-4E50-8836-2F262FA0216F}.Debug|ARM.Build.0 = Debug|Any CPU
		{9BE62FAD-65A9-4E50-8836-2F262FA0216F}.Debug|ARM.Deploy.0 = Debug|Any CPU
		{9BE62FAD-65A9-4E50-8836-2F262FA0216F}.Debug|iPhone.ActiveCfg = Debug|Any CPU
		{9BE62FAD-65A9-4E50-8836-2F262FA0216F}.Debug|iPhone.Build.0 = Debug|Any CPU
		{9BE62FAD-65A9-4E50-8836-2F262FA0216F}.Debug|iPhone.Deploy.0 = Debug|Any CPU
		{9BE62FAD-65A9-4E50-8836-2F262FA0216F}.Debug|iPhoneSimulator.ActiveCfg = Debug|Any CPU
		{9BE62FAD-65A9-4E50-8836-2F262FA0216F}.Debug|iPhoneSimulator.Build.0 = Debug|Any CPU
		{9BE62FAD-65A9-4E50-8836-2F262FA0216F}.Debug|iPhoneSimulator.Deploy.0 = Debug|Any CPU
		{9BE62FAD-65A9-4E50-8836-2F262FA0216F}.Debug|x64.ActiveCfg = Debug|Any CPU
		{9BE62FAD-65A9-4E50-8836-2F262FA0216F}.Debug|x64.Build.0 = Debug|Any CPU
		{9BE62FAD-65A9-4E50-8836-2F262FA0216F}.Debug|x64.Deploy.0 = Debug|Any CPU
		{9BE62FAD-65A9-4E50-8836-2F262FA0216F}.Debug|x86.ActiveCfg = Debug|Any CPU
		{9BE62FAD-65A9-4E50-8836-2F262FA0216F}.Debug|x86.Build.0 = Debug|Any CPU
		{9BE62FAD-65A9-4E50-8836-2F262FA0216F}.Debug|x86.Deploy.0 = Debug|Any CPU
		{9BE62FAD-65A9-4E50-8836-2F262FA0216F}.Release|Any CPU.ActiveCfg = Release|Any CPU
		{9BE62FAD-65A9-4E50-8836-2F262FA0216F}.Release|Any CPU.Build.0 = Release|Any CPU
		{9BE62FAD-65A9-4E50-8836-2F262FA0216F}.Release|Any CPU.Deploy.0 = Release|Any CPU
		{9BE62FAD-65A9-4E50-8836-2F262FA0216F}.Release|ARM.ActiveCfg = Release|Any CPU
		{9BE62FAD-65A9-4E50-8836-2F262FA0216F}.Release|ARM.Build.0 = Release|Any CPU
		{9BE62FAD-65A9-4E50-8836-2F262FA0216F}.Release|ARM.Deploy.0 = Release|Any CPU
		{9BE62FAD-65A9-4E50-8836-2F262FA0216F}.Release|iPhone.ActiveCfg = Release|Any CPU
		{9BE62FAD-65A9-4E50-8836-2F262FA0216F}.Release|iPhone.Build.0 = Release|Any CPU
		{9BE62FAD-65A9-4E50-8836-2F262FA0216F}.Release|iPhone.Deploy.0 = Release|Any CPU
		{9BE62FAD-65A9-4E50-8836-2F262FA0216F}.Release|iPhoneSimulator.ActiveCfg = Release|Any CPU
		{9BE62FAD-65A9-4E50-8836-2F262FA0216F}.Release|iPhoneSimulator.Build.0 = Release|Any CPU
		{9BE62FAD-65A9-4E50-8836-2F262FA0216F}.Release|iPhoneSimulator.Deploy.0 = Release|Any CPU
		{9BE62FAD-65A9-4E50-8836-2F262FA0216F}.Release|x64.ActiveCfg = Release|Any CPU
		{9BE62FAD-65A9-4E50-8836-2F262FA0216F}.Release|x64.Build.0 = Release|Any CPU
		{9BE62FAD-65A9-4E50-8836-2F262FA0216F}.Release|x64.Deploy.0 = Release|Any CPU
		{9BE62FAD-65A9-4E50-8836-2F262FA0216F}.Release|x86.ActiveCfg = Release|Any CPU
		{9BE62FAD-65A9-4E50-8836-2F262FA0216F}.Release|x86.Build.0 = Release|Any CPU
		{9BE62FAD-65A9-4E50-8836-2F262FA0216F}.Release|x86.Deploy.0 = Release|Any CPU
		{B5912787-77F2-4CF1-9642-78E377768F99}.Ad-Hoc|Any CPU.ActiveCfg = Ad-Hoc|iPhone
		{B5912787-77F2-4CF1-9642-78E377768F99}.Ad-Hoc|Any CPU.Build.0 = Ad-Hoc|iPhone
		{B5912787-77F2-4CF1-9642-78E377768F99}.Ad-Hoc|Any CPU.Deploy.0 = Ad-Hoc|iPhone
		{B5912787-77F2-4CF1-9642-78E377768F99}.Ad-Hoc|ARM.ActiveCfg = Ad-Hoc|iPhone
		{B5912787-77F2-4CF1-9642-78E377768F99}.Ad-Hoc|ARM.Build.0 = Ad-Hoc|iPhone
		{B5912787-77F2-4CF1-9642-78E377768F99}.Ad-Hoc|ARM.Deploy.0 = Ad-Hoc|iPhone
		{B5912787-77F2-4CF1-9642-78E377768F99}.Ad-Hoc|iPhone.ActiveCfg = Ad-Hoc|iPhone
		{B5912787-77F2-4CF1-9642-78E377768F99}.Ad-Hoc|iPhone.Build.0 = Ad-Hoc|iPhone
		{B5912787-77F2-4CF1-9642-78E377768F99}.Ad-Hoc|iPhone.Deploy.0 = Ad-Hoc|iPhone
		{B5912787-77F2-4CF1-9642-78E377768F99}.Ad-Hoc|iPhoneSimulator.ActiveCfg = Ad-Hoc|iPhoneSimulator
		{B5912787-77F2-4CF1-9642-78E377768F99}.Ad-Hoc|iPhoneSimulator.Build.0 = Ad-Hoc|iPhoneSimulator
		{B5912787-77F2-4CF1-9642-78E377768F99}.Ad-Hoc|iPhoneSimulator.Deploy.0 = Ad-Hoc|iPhoneSimulator
		{B5912787-77F2-4CF1-9642-78E377768F99}.Ad-Hoc|x64.ActiveCfg = Ad-Hoc|iPhone
		{B5912787-77F2-4CF1-9642-78E377768F99}.Ad-Hoc|x64.Build.0 = Ad-Hoc|iPhone
		{B5912787-77F2-4CF1-9642-78E377768F99}.Ad-Hoc|x64.Deploy.0 = Ad-Hoc|iPhone
		{B5912787-77F2-4CF1-9642-78E377768F99}.Ad-Hoc|x86.ActiveCfg = Ad-Hoc|iPhone
		{B5912787-77F2-4CF1-9642-78E377768F99}.Ad-Hoc|x86.Build.0 = Ad-Hoc|iPhone
		{B5912787-77F2-4CF1-9642-78E377768F99}.Ad-Hoc|x86.Deploy.0 = Ad-Hoc|iPhone
		{B5912787-77F2-4CF1-9642-78E377768F99}.AppStore|Any CPU.ActiveCfg = AppStore|iPhone
		{B5912787-77F2-4CF1-9642-78E377768F99}.AppStore|Any CPU.Build.0 = AppStore|iPhone
		{B5912787-77F2-4CF1-9642-78E377768F99}.AppStore|Any CPU.Deploy.0 = AppStore|iPhone
		{B5912787-77F2-4CF1-9642-78E377768F99}.AppStore|ARM.ActiveCfg = AppStore|iPhone
		{B5912787-77F2-4CF1-9642-78E377768F99}.AppStore|ARM.Build.0 = AppStore|iPhone
		{B5912787-77F2-4CF1-9642-78E377768F99}.AppStore|ARM.Deploy.0 = AppStore|iPhone
		{B5912787-77F2-4CF1-9642-78E377768F99}.AppStore|iPhone.ActiveCfg = AppStore|iPhone
		{B5912787-77F2-4CF1-9642-78E377768F99}.AppStore|iPhone.Build.0 = AppStore|iPhone
		{B5912787-77F2-4CF1-9642-78E377768F99}.AppStore|iPhone.Deploy.0 = AppStore|iPhone
		{B5912787-77F2-4CF1-9642-78E377768F99}.AppStore|iPhoneSimulator.ActiveCfg = AppStore|iPhoneSimulator
		{B5912787-77F2-4CF1-9642-78E377768F99}.AppStore|iPhoneSimulator.Build.0 = AppStore|iPhoneSimulator
		{B5912787-77F2-4CF1-9642-78E377768F99}.AppStore|iPhoneSimulator.Deploy.0 = AppStore|iPhoneSimulator
		{B5912787-77F2-4CF1-9642-78E377768F99}.AppStore|x64.ActiveCfg = AppStore|iPhone
		{B5912787-77F2-4CF1-9642-78E377768F99}.AppStore|x64.Build.0 = AppStore|iPhone
		{B5912787-77F2-4CF1-9642-78E377768F99}.AppStore|x64.Deploy.0 = AppStore|iPhone
		{B5912787-77F2-4CF1-9642-78E377768F99}.AppStore|x86.ActiveCfg = AppStore|iPhone
		{B5912787-77F2-4CF1-9642-78E377768F99}.AppStore|x86.Build.0 = AppStore|iPhone
		{B5912787-77F2-4CF1-9642-78E377768F99}.AppStore|x86.Deploy.0 = AppStore|iPhone
		{B5912787-77F2-4CF1-9642-78E377768F99}.Debug|Any CPU.ActiveCfg = Debug|iPhoneSimulator
		{B5912787-77F2-4CF1-9642-78E377768F99}.Debug|Any CPU.Build.0 = Debug|iPhoneSimulator
		{B5912787-77F2-4CF1-9642-78E377768F99}.Debug|Any CPU.Deploy.0 = Debug|iPhoneSimulator
		{B5912787-77F2-4CF1-9642-78E377768F99}.Debug|ARM.ActiveCfg = Debug|iPhone
		{B5912787-77F2-4CF1-9642-78E377768F99}.Debug|ARM.Build.0 = Debug|iPhone
		{B5912787-77F2-4CF1-9642-78E377768F99}.Debug|ARM.Deploy.0 = Debug|iPhone
		{B5912787-77F2-4CF1-9642-78E377768F99}.Debug|iPhone.ActiveCfg = Debug|iPhone
		{B5912787-77F2-4CF1-9642-78E377768F99}.Debug|iPhone.Build.0 = Debug|iPhone
		{B5912787-77F2-4CF1-9642-78E377768F99}.Debug|iPhone.Deploy.0 = Debug|iPhone
		{B5912787-77F2-4CF1-9642-78E377768F99}.Debug|iPhoneSimulator.ActiveCfg = Debug|iPhoneSimulator
		{B5912787-77F2-4CF1-9642-78E377768F99}.Debug|iPhoneSimulator.Build.0 = Debug|iPhoneSimulator
		{B5912787-77F2-4CF1-9642-78E377768F99}.Debug|iPhoneSimulator.Deploy.0 = Debug|iPhoneSimulator
		{B5912787-77F2-4CF1-9642-78E377768F99}.Debug|x64.ActiveCfg = Debug|iPhone
		{B5912787-77F2-4CF1-9642-78E377768F99}.Debug|x64.Build.0 = Debug|iPhone
		{B5912787-77F2-4CF1-9642-78E377768F99}.Debug|x64.Deploy.0 = Debug|iPhone
		{B5912787-77F2-4CF1-9642-78E377768F99}.Debug|x86.ActiveCfg = Debug|iPhone
		{B5912787-77F2-4CF1-9642-78E377768F99}.Debug|x86.Build.0 = Debug|iPhone
		{B5912787-77F2-4CF1-9642-78E377768F99}.Debug|x86.Deploy.0 = Debug|iPhone
		{B5912787-77F2-4CF1-9642-78E377768F99}.Release|Any CPU.ActiveCfg = Release|iPhone
		{B5912787-77F2-4CF1-9642-78E377768F99}.Release|Any CPU.Build.0 = Release|iPhone
		{B5912787-77F2-4CF1-9642-78E377768F99}.Release|Any CPU.Deploy.0 = Release|iPhone
		{B5912787-77F2-4CF1-9642-78E377768F99}.Release|ARM.ActiveCfg = Release|iPhone
		{B5912787-77F2-4CF1-9642-78E377768F99}.Release|ARM.Build.0 = Release|iPhone
		{B5912787-77F2-4CF1-9642-78E377768F99}.Release|ARM.Deploy.0 = Release|iPhone
		{B5912787-77F2-4CF1-9642-78E377768F99}.Release|iPhone.ActiveCfg = Release|iPhone
		{B5912787-77F2-4CF1-9642-78E377768F99}.Release|iPhone.Build.0 = Release|iPhone
		{B5912787-77F2-4CF1-9642-78E377768F99}.Release|iPhone.Deploy.0 = Release|iPhone
		{B5912787-77F2-4CF1-9642-78E377768F99}.Release|iPhoneSimulator.ActiveCfg = Release|iPhoneSimulator
		{B5912787-77F2-4CF1-9642-78E377768F99}.Release|iPhoneSimulator.Build.0 = Release|iPhoneSimulator
		{B5912787-77F2-4CF1-9642-78E377768F99}.Release|iPhoneSimulator.Deploy.0 = Release|iPhoneSimulator
		{B5912787-77F2-4CF1-9642-78E377768F99}.Release|x64.ActiveCfg = Release|iPhone
		{B5912787-77F2-4CF1-9642-78E377768F99}.Release|x64.Build.0 = Release|iPhone
		{B5912787-77F2-4CF1-9642-78E377768F99}.Release|x64.Deploy.0 = Release|iPhone
		{B5912787-77F2-4CF1-9642-78E377768F99}.Release|x86.ActiveCfg = Release|iPhone
		{B5912787-77F2-4CF1-9642-78E377768F99}.Release|x86.Build.0 = Release|iPhone
		{B5912787-77F2-4CF1-9642-78E377768F99}.Release|x86.Deploy.0 = Release|iPhone
		{B2B3A9E3-2AE0-4A2F-9D7C-987F30654479}.Ad-Hoc|Any CPU.ActiveCfg = Release|x86
		{B2B3A9E3-2AE0-4A2F-9D7C-987F30654479}.Ad-Hoc|Any CPU.Build.0 = Release|x86
		{B2B3A9E3-2AE0-4A2F-9D7C-987F30654479}.Ad-Hoc|Any CPU.Deploy.0 = Release|x86
		{B2B3A9E3-2AE0-4A2F-9D7C-987F30654479}.Ad-Hoc|ARM.ActiveCfg = Release|ARM
		{B2B3A9E3-2AE0-4A2F-9D7C-987F30654479}.Ad-Hoc|ARM.Build.0 = Release|ARM
		{B2B3A9E3-2AE0-4A2F-9D7C-987F30654479}.Ad-Hoc|ARM.Deploy.0 = Release|ARM
		{B2B3A9E3-2AE0-4A2F-9D7C-987F30654479}.Ad-Hoc|iPhone.ActiveCfg = Release|x86
		{B2B3A9E3-2AE0-4A2F-9D7C-987F30654479}.Ad-Hoc|iPhone.Build.0 = Release|x86
		{B2B3A9E3-2AE0-4A2F-9D7C-987F30654479}.Ad-Hoc|iPhone.Deploy.0 = Release|x86
		{B2B3A9E3-2AE0-4A2F-9D7C-987F30654479}.Ad-Hoc|iPhoneSimulator.ActiveCfg = Release|x86
		{B2B3A9E3-2AE0-4A2F-9D7C-987F30654479}.Ad-Hoc|iPhoneSimulator.Build.0 = Release|x86
		{B2B3A9E3-2AE0-4A2F-9D7C-987F30654479}.Ad-Hoc|iPhoneSimulator.Deploy.0 = Release|x86
		{B2B3A9E3-2AE0-4A2F-9D7C-987F30654479}.Ad-Hoc|x64.ActiveCfg = Release|x64
		{B2B3A9E3-2AE0-4A2F-9D7C-987F30654479}.Ad-Hoc|x64.Build.0 = Release|x64
		{B2B3A9E3-2AE0-4A2F-9D7C-987F30654479}.Ad-Hoc|x64.Deploy.0 = Release|x64
		{B2B3A9E3-2AE0-4A2F-9D7C-987F30654479}.Ad-Hoc|x86.ActiveCfg = Release|x86
		{B2B3A9E3-2AE0-4A2F-9D7C-987F30654479}.Ad-Hoc|x86.Build.0 = Release|x86
		{B2B3A9E3-2AE0-4A2F-9D7C-987F30654479}.Ad-Hoc|x86.Deploy.0 = Release|x86
		{B2B3A9E3-2AE0-4A2F-9D7C-987F30654479}.AppStore|Any CPU.ActiveCfg = Release|x86
		{B2B3A9E3-2AE0-4A2F-9D7C-987F30654479}.AppStore|Any CPU.Build.0 = Release|x86
		{B2B3A9E3-2AE0-4A2F-9D7C-987F30654479}.AppStore|Any CPU.Deploy.0 = Release|x86
		{B2B3A9E3-2AE0-4A2F-9D7C-987F30654479}.AppStore|ARM.ActiveCfg = Release|ARM
		{B2B3A9E3-2AE0-4A2F-9D7C-987F30654479}.AppStore|ARM.Build.0 = Release|ARM
		{B2B3A9E3-2AE0-4A2F-9D7C-987F30654479}.AppStore|ARM.Deploy.0 = Release|ARM
		{B2B3A9E3-2AE0-4A2F-9D7C-987F30654479}.AppStore|iPhone.ActiveCfg = Release|x86
		{B2B3A9E3-2AE0-4A2F-9D7C-987F30654479}.AppStore|iPhone.Build.0 = Release|x86
		{B2B3A9E3-2AE0-4A2F-9D7C-987F30654479}.AppStore|iPhone.Deploy.0 = Release|x86
		{B2B3A9E3-2AE0-4A2F-9D7C-987F30654479}.AppStore|iPhoneSimulator.ActiveCfg = Release|x86
		{B2B3A9E3-2AE0-4A2F-9D7C-987F30654479}.AppStore|iPhoneSimulator.Build.0 = Release|x86
		{B2B3A9E3-2AE0-4A2F-9D7C-987F30654479}.AppStore|iPhoneSimulator.Deploy.0 = Release|x86
		{B2B3A9E3-2AE0-4A2F-9D7C-987F30654479}.AppStore|x64.ActiveCfg = Release|x64
		{B2B3A9E3-2AE0-4A2F-9D7C-987F30654479}.AppStore|x64.Build.0 = Release|x64
		{B2B3A9E3-2AE0-4A2F-9D7C-987F30654479}.AppStore|x64.Deploy.0 = Release|x64
		{B2B3A9E3-2AE0-4A2F-9D7C-987F30654479}.AppStore|x86.ActiveCfg = Release|x86
		{B2B3A9E3-2AE0-4A2F-9D7C-987F30654479}.AppStore|x86.Build.0 = Release|x86
		{B2B3A9E3-2AE0-4A2F-9D7C-987F30654479}.AppStore|x86.Deploy.0 = Release|x86
		{B2B3A9E3-2AE0-4A2F-9D7C-987F30654479}.Debug|Any CPU.ActiveCfg = Debug|x86
		{B2B3A9E3-2AE0-4A2F-9D7C-987F30654479}.Debug|ARM.ActiveCfg = Debug|ARM
		{B2B3A9E3-2AE0-4A2F-9D7C-987F30654479}.Debug|ARM.Build.0 = Debug|ARM
		{B2B3A9E3-2AE0-4A2F-9D7C-987F30654479}.Debug|ARM.Deploy.0 = Debug|ARM
		{B2B3A9E3-2AE0-4A2F-9D7C-987F30654479}.Debug|iPhone.ActiveCfg = Debug|x86
		{B2B3A9E3-2AE0-4A2F-9D7C-987F30654479}.Debug|iPhoneSimulator.ActiveCfg = Debug|x86
		{B2B3A9E3-2AE0-4A2F-9D7C-987F30654479}.Debug|x64.ActiveCfg = Debug|x64
		{B2B3A9E3-2AE0-4A2F-9D7C-987F30654479}.Debug|x64.Build.0 = Debug|x64
		{B2B3A9E3-2AE0-4A2F-9D7C-987F30654479}.Debug|x64.Deploy.0 = Debug|x64
		{B2B3A9E3-2AE0-4A2F-9D7C-987F30654479}.Debug|x86.ActiveCfg = Debug|x86
		{B2B3A9E3-2AE0-4A2F-9D7C-987F30654479}.Debug|x86.Build.0 = Debug|x86
		{B2B3A9E3-2AE0-4A2F-9D7C-987F30654479}.Debug|x86.Deploy.0 = Debug|x86
		{B2B3A9E3-2AE0-4A2F-9D7C-987F30654479}.Release|Any CPU.ActiveCfg = Release|x86
		{B2B3A9E3-2AE0-4A2F-9D7C-987F30654479}.Release|ARM.ActiveCfg = Release|ARM
		{B2B3A9E3-2AE0-4A2F-9D7C-987F30654479}.Release|ARM.Build.0 = Release|ARM
		{B2B3A9E3-2AE0-4A2F-9D7C-987F30654479}.Release|ARM.Deploy.0 = Release|ARM
		{B2B3A9E3-2AE0-4A2F-9D7C-987F30654479}.Release|iPhone.ActiveCfg = Release|x86
		{B2B3A9E3-2AE0-4A2F-9D7C-987F30654479}.Release|iPhoneSimulator.ActiveCfg = Release|x86
		{B2B3A9E3-2AE0-4A2F-9D7C-987F30654479}.Release|x64.ActiveCfg = Release|x64
		{B2B3A9E3-2AE0-4A2F-9D7C-987F30654479}.Release|x64.Build.0 = Release|x64
		{B2B3A9E3-2AE0-4A2F-9D7C-987F30654479}.Release|x64.Deploy.0 = Release|x64
		{B2B3A9E3-2AE0-4A2F-9D7C-987F30654479}.Release|x86.ActiveCfg = Release|x86
		{B2B3A9E3-2AE0-4A2F-9D7C-987F30654479}.Release|x86.Build.0 = Release|x86
		{B2B3A9E3-2AE0-4A2F-9D7C-987F30654479}.Release|x86.Deploy.0 = Release|x86
		{457DF491-D9D3-41DE-B8E4-A9B24311F333}.Ad-Hoc|Any CPU.ActiveCfg = Debug|Any CPU
		{457DF491-D9D3-41DE-B8E4-A9B24311F333}.Ad-Hoc|Any CPU.Build.0 = Debug|Any CPU
		{457DF491-D9D3-41DE-B8E4-A9B24311F333}.Ad-Hoc|Any CPU.Deploy.0 = Debug|Any CPU
		{457DF491-D9D3-41DE-B8E4-A9B24311F333}.Ad-Hoc|ARM.ActiveCfg = Debug|Any CPU
		{457DF491-D9D3-41DE-B8E4-A9B24311F333}.Ad-Hoc|ARM.Build.0 = Debug|Any CPU
		{457DF491-D9D3-41DE-B8E4-A9B24311F333}.Ad-Hoc|ARM.Deploy.0 = Debug|Any CPU
		{457DF491-D9D3-41DE-B8E4-A9B24311F333}.Ad-Hoc|iPhone.ActiveCfg = Debug|Any CPU
		{457DF491-D9D3-41DE-B8E4-A9B24311F333}.Ad-Hoc|iPhone.Build.0 = Debug|Any CPU
		{457DF491-D9D3-41DE-B8E4-A9B24311F333}.Ad-Hoc|iPhone.Deploy.0 = Debug|Any CPU
		{457DF491-D9D3-41DE-B8E4-A9B24311F333}.Ad-Hoc|iPhoneSimulator.ActiveCfg = Debug|Any CPU
		{457DF491-D9D3-41DE-B8E4-A9B24311F333}.Ad-Hoc|iPhoneSimulator.Build.0 = Debug|Any CPU
		{457DF491-D9D3-41DE-B8E4-A9B24311F333}.Ad-Hoc|iPhoneSimulator.Deploy.0 = Debug|Any CPU
		{457DF491-D9D3-41DE-B8E4-A9B24311F333}.Ad-Hoc|x64.ActiveCfg = Debug|Any CPU
		{457DF491-D9D3-41DE-B8E4-A9B24311F333}.Ad-Hoc|x64.Build.0 = Debug|Any CPU
		{457DF491-D9D3-41DE-B8E4-A9B24311F333}.Ad-Hoc|x64.Deploy.0 = Debug|Any CPU
		{457DF491-D9D3-41DE-B8E4-A9B24311F333}.Ad-Hoc|x86.ActiveCfg = Debug|Any CPU
		{457DF491-D9D3-41DE-B8E4-A9B24311F333}.Ad-Hoc|x86.Build.0 = Debug|Any CPU
		{457DF491-D9D3-41DE-B8E4-A9B24311F333}.Ad-Hoc|x86.Deploy.0 = Debug|Any CPU
		{457DF491-D9D3-41DE-B8E4-A9B24311F333}.AppStore|Any CPU.ActiveCfg = Debug|Any CPU
		{457DF491-D9D3-41DE-B8E4-A9B24311F333}.AppStore|Any CPU.Build.0 = Debug|Any CPU
		{457DF491-D9D3-41DE-B8E4-A9B24311F333}.AppStore|Any CPU.Deploy.0 = Debug|Any CPU
		{457DF491-D9D3-41DE-B8E4-A9B24311F333}.AppStore|ARM.ActiveCfg = Debug|Any CPU
		{457DF491-D9D3-41DE-B8E4-A9B24311F333}.AppStore|ARM.Build.0 = Debug|Any CPU
		{457DF491-D9D3-41DE-B8E4-A9B24311F333}.AppStore|ARM.Deploy.0 = Debug|Any CPU
		{457DF491-D9D3-41DE-B8E4-A9B24311F333}.AppStore|iPhone.ActiveCfg = Debug|Any CPU
		{457DF491-D9D3-41DE-B8E4-A9B24311F333}.AppStore|iPhone.Build.0 = Debug|Any CPU
		{457DF491-D9D3-41DE-B8E4-A9B24311F333}.AppStore|iPhone.Deploy.0 = Debug|Any CPU
		{457DF491-D9D3-41DE-B8E4-A9B24311F333}.AppStore|iPhoneSimulator.ActiveCfg = Debug|Any CPU
		{457DF491-D9D3-41DE-B8E4-A9B24311F333}.AppStore|iPhoneSimulator.Build.0 = Debug|Any CPU
		{457DF491-D9D3-41DE-B8E4-A9B24311F333}.AppStore|iPhoneSimulator.Deploy.0 = Debug|Any CPU
		{457DF491-D9D3-41DE-B8E4-A9B24311F333}.AppStore|x64.ActiveCfg = Debug|Any CPU
		{457DF491-D9D3-41DE-B8E4-A9B24311F333}.AppStore|x64.Build.0 = Debug|Any CPU
		{457DF491-D9D3-41DE-B8E4-A9B24311F333}.AppStore|x64.Deploy.0 = Debug|Any CPU
		{457DF491-D9D3-41DE-B8E4-A9B24311F333}.AppStore|x86.ActiveCfg = Debug|Any CPU
		{457DF491-D9D3-41DE-B8E4-A9B24311F333}.AppStore|x86.Build.0 = Debug|Any CPU
		{457DF491-D9D3-41DE-B8E4-A9B24311F333}.AppStore|x86.Deploy.0 = Debug|Any CPU
		{457DF491-D9D3-41DE-B8E4-A9B24311F333}.Debug|Any CPU.ActiveCfg = Debug|Any CPU
		{457DF491-D9D3-41DE-B8E4-A9B24311F333}.Debug|Any CPU.Build.0 = Debug|Any CPU
		{457DF491-D9D3-41DE-B8E4-A9B24311F333}.Debug|Any CPU.Deploy.0 = Debug|Any CPU
		{457DF491-D9D3-41DE-B8E4-A9B24311F333}.Debug|ARM.ActiveCfg = Debug|Any CPU
		{457DF491-D9D3-41DE-B8E4-A9B24311F333}.Debug|ARM.Build.0 = Debug|Any CPU
		{457DF491-D9D3-41DE-B8E4-A9B24311F333}.Debug|ARM.Deploy.0 = Debug|Any CPU
		{457DF491-D9D3-41DE-B8E4-A9B24311F333}.Debug|iPhone.ActiveCfg = Debug|Any CPU
		{457DF491-D9D3-41DE-B8E4-A9B24311F333}.Debug|iPhone.Build.0 = Debug|Any CPU
		{457DF491-D9D3-41DE-B8E4-A9B24311F333}.Debug|iPhone.Deploy.0 = Debug|Any CPU
		{457DF491-D9D3-41DE-B8E4-A9B24311F333}.Debug|iPhoneSimulator.ActiveCfg = Debug|Any CPU
		{457DF491-D9D3-41DE-B8E4-A9B24311F333}.Debug|iPhoneSimulator.Build.0 = Debug|Any CPU
		{457DF491-D9D3-41DE-B8E4-A9B24311F333}.Debug|iPhoneSimulator.Deploy.0 = Debug|Any CPU
		{457DF491-D9D3-41DE-B8E4-A9B24311F333}.Debug|x64.ActiveCfg = Debug|Any CPU
		{457DF491-D9D3-41DE-B8E4-A9B24311F333}.Debug|x64.Build.0 = Debug|Any CPU
		{457DF491-D9D3-41DE-B8E4-A9B24311F333}.Debug|x64.Deploy.0 = Debug|Any CPU
		{457DF491-D9D3-41DE-B8E4-A9B24311F333}.Debug|x86.ActiveCfg = Debug|Any CPU
		{457DF491-D9D3-41DE-B8E4-A9B24311F333}.Debug|x86.Build.0 = Debug|Any CPU
		{457DF491-D9D3-41DE-B8E4-A9B24311F333}.Debug|x86.Deploy.0 = Debug|Any CPU
		{457DF491-D9D3-41DE-B8E4-A9B24311F333}.Release|Any CPU.ActiveCfg = Release|Any CPU
		{457DF491-D9D3-41DE-B8E4-A9B24311F333}.Release|Any CPU.Build.0 = Release|Any CPU
		{457DF491-D9D3-41DE-B8E4-A9B24311F333}.Release|Any CPU.Deploy.0 = Release|Any CPU
		{457DF491-D9D3-41DE-B8E4-A9B24311F333}.Release|ARM.ActiveCfg = Release|Any CPU
		{457DF491-D9D3-41DE-B8E4-A9B24311F333}.Release|ARM.Build.0 = Release|Any CPU
		{457DF491-D9D3-41DE-B8E4-A9B24311F333}.Release|ARM.Deploy.0 = Release|Any CPU
		{457DF491-D9D3-41DE-B8E4-A9B24311F333}.Release|iPhone.ActiveCfg = Release|Any CPU
		{457DF491-D9D3-41DE-B8E4-A9B24311F333}.Release|iPhone.Build.0 = Release|Any CPU
		{457DF491-D9D3-41DE-B8E4-A9B24311F333}.Release|iPhone.Deploy.0 = Release|Any CPU
		{457DF491-D9D3-41DE-B8E4-A9B24311F333}.Release|iPhoneSimulator.ActiveCfg = Release|Any CPU
		{457DF491-D9D3-41DE-B8E4-A9B24311F333}.Release|iPhoneSimulator.Build.0 = Release|Any CPU
		{457DF491-D9D3-41DE-B8E4-A9B24311F333}.Release|iPhoneSimulator.Deploy.0 = Release|Any CPU
		{457DF491-D9D3-41DE-B8E4-A9B24311F333}.Release|x64.ActiveCfg = Release|Any CPU
		{457DF491-D9D3-41DE-B8E4-A9B24311F333}.Release|x64.Build.0 = Release|Any CPU
		{457DF491-D9D3-41DE-B8E4-A9B24311F333}.Release|x64.Deploy.0 = Release|Any CPU
		{457DF491-D9D3-41DE-B8E4-A9B24311F333}.Release|x86.ActiveCfg = Release|Any CPU
		{457DF491-D9D3-41DE-B8E4-A9B24311F333}.Release|x86.Build.0 = Release|Any CPU
		{457DF491-D9D3-41DE-B8E4-A9B24311F333}.Release|x86.Deploy.0 = Release|Any CPU
	EndGlobalSection
	GlobalSection(SolutionProperties) = preSolution
		HideSolutionNode = FALSE
	EndGlobalSection
	GlobalSection(ExtensibilityGlobals) = postSolution
		SolutionGuid = {95FE701A-FAC5-4AD7-9680-4B0CC540E6FC}
	EndGlobalSection
EndGlobal
